
Microsoft Visual Studio Solution File, Format Version 12.00
# Visual Studio 15
VisualStudioVersion = 15.0.28010.2036
MinimumVisualStudioVersion = 10.0.40219.1
Project("{FAE04EC0-301F-11D3-BF4B-00C04F79EFBC}") = "AbsoluteLayoutIssue.Android", "AbsoluteLayoutIssue.Android\AbsoluteLayoutIssue.Android.csproj", "{03437EB8-6F2C-4E12-8F48-B9DD1E9884CE}"
EndProject
Project("{FAE04EC0-301F-11D3-BF4B-00C04F79EFBC}") = "AbsoluteLayoutIssue.iOS", "AbsoluteLayoutIssue.iOS\AbsoluteLayoutIssue.iOS.csproj", "{2F5ED95C-8357-4984-B695-3B28EC793E4D}"
EndProject
Project("{FAE04EC0-301F-11D3-BF4B-00C04F79EFBC}") = "AbsoluteLayoutIssue", "AbsoluteLayoutIssue\AbsoluteLayoutIssue.csproj", "{DBC4D02D-89EE-4344-953F-1465F7A19ABF}"
EndProject
Global
	GlobalSection(SolutionConfigurationPlatforms) = preSolution
		Ad-Hoc|Any CPU = Ad-Hoc|Any CPU
		Ad-Hoc|iPhone = Ad-Hoc|iPhone
		Ad-Hoc|iPhoneSimulator = Ad-Hoc|iPhoneSimulator
		AppStore|Any CPU = AppStore|Any CPU
		AppStore|iPhone = AppStore|iPhone
		AppStore|iPhoneSimulator = AppStore|iPhoneSimulator
		Debug|Any CPU = Debug|Any CPU
		Debug|iPhone = Debug|iPhone
		Debug|iPhoneSimulator = Debug|iPhoneSimulator
		Release|Any CPU = Release|Any CPU
		Release|iPhone = Release|iPhone
		Release|iPhoneSimulator = Release|iPhoneSimulator
	EndGlobalSection
	GlobalSection(ProjectConfigurationPlatforms) = postSolution
		{03437EB8-6F2C-4E12-8F48-B9DD1E9884CE}.Ad-Hoc|Any CPU.ActiveCfg = Release|Any CPU
		{03437EB8-6F2C-4E12-8F48-B9DD1E9884CE}.Ad-Hoc|Any CPU.Build.0 = Release|Any CPU
		{03437EB8-6F2C-4E12-8F48-B9DD1E9884CE}.Ad-Hoc|Any CPU.Deploy.0 = Release|Any CPU
		{03437EB8-6F2C-4E12-8F48-B9DD1E9884CE}.Ad-Hoc|iPhone.ActiveCfg = Release|Any CPU
		{03437EB8-6F2C-4E12-8F48-B9DD1E9884CE}.Ad-Hoc|iPhone.Build.0 = Release|Any CPU
		{03437EB8-6F2C-4E12-8F48-B9DD1E9884CE}.Ad-Hoc|iPhone.Deploy.0 = Release|Any CPU
		{03437EB8-6F2C-4E12-8F48-B9DD1E9884CE}.Ad-Hoc|iPhoneSimulator.ActiveCfg = Release|Any CPU
		{03437EB8-6F2C-4E12-8F48-B9DD1E9884CE}.Ad-Hoc|iPhoneSimulator.Build.0 = Release|Any CPU
		{03437EB8-6F2C-4E12-8F48-B9DD1E9884CE}.Ad-Hoc|iPhoneSimulator.Deploy.0 = Release|Any CPU
		{03437EB8-6F2C-4E12-8F48-B9DD1E9884CE}.AppStore|Any CPU.ActiveCfg = Release|Any CPU
		{03437EB8-6F2C-4E12-8F48-B9DD1E9884CE}.AppStore|Any CPU.Build.0 = Release|Any CPU
		{03437EB8-6F2C-4E12-8F48-B9DD1E9884CE}.AppStore|Any CPU.Deploy.0 = Release|Any CPU
		{03437EB8-6F2C-4E12-8F48-B9DD1E9884CE}.AppStore|iPhone.ActiveCfg = Release|Any CPU
		{03437EB8-6F2C-4E12-8F48-B9DD1E9884CE}.AppStore|iPhone.Build.0 = Release|Any CPU
		{03437EB8-6F2C-4E12-8F48-B9DD1E9884CE}.AppStore|iPhone.Deploy.0 = Release|Any CPU
		{03437EB8-6F2C-4E12-8F48-B9DD1E9884CE}.AppStore|iPhoneSimulator.ActiveCfg = Release|Any CPU
		{03437EB8-6F2C-4E12-8F48-B9DD1E9884CE}.AppStore|iPhoneSimulator.Build.0 = Release|Any CPU
		{03437EB8-6F2C-4E12-8F48-B9DD1E9884CE}.AppStore|iPhoneSimulator.Deploy.0 = Release|Any CPU
		{03437EB8-6F2C-4E12-8F48-B9DD1E9884CE}.Debug|Any CPU.ActiveCfg = Debug|Any CPU
		{03437EB8-6F2C-4E12-8F48-B9DD1E9884CE}.Debug|Any CPU.Build.0 = Debug|Any CPU
		{03437EB8-6F2C-4E12-8F48-B9DD1E9884CE}.Debug|Any CPU.Deploy.0 = Debug|Any CPU
		{03437EB8-6F2C-4E12-8F48-B9DD1E9884CE}.Debug|iPhone.ActiveCfg = Debug|Any CPU
		{03437EB8-6F2C-4E12-8F48-B9DD1E9884CE}.Debug|iPhone.Build.0 = Debug|Any CPU
		{03437EB8-6F2C-4E12-8F48-B9DD1E9884CE}.Debug|iPhone.Deploy.0 = Debug|Any CPU
		{03437EB8-6F2C-4E12-8F48-B9DD1E9884CE}.Debug|iPhoneSimulator.ActiveCfg = Debug|Any CPU
		{03437EB8-6F2C-4E12-8F48-B9DD1E9884CE}.Debug|iPhoneSimulator.Build.0 = Debug|Any CPU
		{03437EB8-6F2C-4E12-8F48-B9DD1E9884CE}.Debug|iPhoneSimulator.Deploy.0 = Debug|Any CPU
		{03437EB8-6F2C-4E12-8F48-B9DD1E9884CE}.Release|Any CPU.ActiveCfg = Release|Any CPU
		{03437EB8-6F2C-4E12-8F48-B9DD1E9884CE}.Release|Any CPU.Build.0 = Release|Any CPU
		{03437EB8-6F2C-4E12-8F48-B9DD1E9884CE}.Release|Any CPU.Deploy.0 = Release|Any CPU
		{03437EB8-6F2C-4E12-8F48-B9DD1E9884CE}.Release|iPhone.ActiveCfg = Release|Any CPU
		{03437EB8-6F2C-4E12-8F48-B9DD1E9884CE}.Release|iPhone.Build.0 = Release|Any CPU
		{03437EB8-6F2C-4E12-8F48-B9DD1E9884CE}.Release|iPhone.Deploy.0 = Release|Any CPU
		{03437EB8-6F2C-4E12-8F48-B9DD1E9884CE}.Release|iPhoneSimulator.ActiveCfg = Release|Any CPU
		{03437EB8-6F2C-4E12-8F48-B9DD1E9884CE}.Release|iPhoneSimulator.Build.0 = Release|Any CPU
		{03437EB8-6F2C-4E12-8F48-B9DD1E9884CE}.Release|iPhoneSimulator.Deploy.0 = Release|Any CPU
		{2F5ED95C-8357-4984-B695-3B28EC793E4D}.Ad-Hoc|Any CPU.ActiveCfg = Ad-Hoc|iPhone
		{2F5ED95C-8357-4984-B695-3B28EC793E4D}.Ad-Hoc|Any CPU.Build.0 = Ad-Hoc|iPhone
		{2F5ED95C-8357-4984-B695-3B28EC793E4D}.Ad-Hoc|Any CPU.Deploy.0 = Ad-Hoc|iPhone
		{2F5ED95C-8357-4984-B695-3B28EC793E4D}.Ad-Hoc|iPhone.ActiveCfg = Ad-Hoc|iPhone
		{2F5ED95C-8357-4984-B695-3B28EC793E4D}.Ad-Hoc|iPhone.Build.0 = Ad-Hoc|iPhone
		{2F5ED95C-8357-4984-B695-3B28EC793E4D}.Ad-Hoc|iPhone.Deploy.0 = Ad-Hoc|iPhone
		{2F5ED95C-8357-4984-B695-3B28EC793E4D}.Ad-Hoc|iPhoneSimulator.ActiveCfg = Ad-Hoc|iPhoneSimulator
		{2F5ED95C-8357-4984-B695-3B28EC793E4D}.Ad-Hoc|iPhoneSimulator.Build.0 = Ad-Hoc|iPhoneSimulator
		{2F5ED95C-8357-4984-B695-3B28EC793E4D}.Ad-Hoc|iPhoneSimulator.Deploy.0 = Ad-Hoc|iPhoneSimulator
		{2F5ED95C-8357-4984-B695-3B28EC793E4D}.AppStore|Any CPU.ActiveCfg = AppStore|iPhone
		{2F5ED95C-8357-4984-B695-3B28EC793E4D}.AppStore|Any CPU.Build.0 = AppStore|iPhone
		{2F5ED95C-8357-4984-B695-3B28EC793E4D}.AppStore|Any CPU.Deploy.0 = AppStore|iPhone
		{2F5ED95C-8357-4984-B695-3B28EC793E4D}.AppStore|iPhone.ActiveCfg = AppStore|iPhone
		{2F5ED95C-8357-4984-B695-3B28EC793E4D}.AppStore|iPhone.Build.0 = AppStore|iPhone
		{2F5ED95C-8357-4984-B695-3B28EC793E4D}.AppStore|iPhone.Deploy.0 = AppStore|iPhone
		{2F5ED95C-8357-4984-B695-3B28EC793E4D}.AppStore|iPhoneSimulator.ActiveCfg = AppStore|iPhoneSimulator
		{2F5ED95C-8357-4984-B695-3B28EC793E4D}.AppStore|iPhoneSimulator.Build.0 = AppStore|iPhoneSimulator
		{2F5ED95C-8357-4984-B695-3B28EC793E4D}.AppStore|iPhoneSimulator.Deploy.0 = AppStore|iPhoneSimulator
		{2F5ED95C-8357-4984-B695-3B28EC793E4D}.Debug|Any CPU.ActiveCfg = Debug|iPhoneSimulator
		{2F5ED95C-8357-4984-B695-3B28EC793E4D}.Debug|Any CPU.Build.0 = Debug|iPhoneSimulator
		{2F5ED95C-8357-4984-B695-3B28EC793E4D}.Debug|Any CPU.Deploy.0 = Debug|iPhoneSimulator
		{2F5ED95C-8357-4984-B695-3B28EC793E4D}.Debug|iPhone.ActiveCfg = Debug|iPhone
		{2F5ED95C-8357-4984-B695-3B28EC793E4D}.Debug|iPhone.Build.0 = Debug|iPhone
		{2F5ED95C-8357-4984-B695-3B28EC793E4D}.Debug|iPhone.Deploy.0 = Debug|iPhone
		{2F5ED95C-8357-4984-B695-3B28EC793E4D}.Debug|iPhoneSimulator.ActiveCfg = Debug|iPhoneSimulator
		{2F5ED95C-8357-4984-B695-3B28EC793E4D}.Debug|iPhoneSimulator.Build.0 = Debug|iPhoneSimulator
		{2F5ED95C-8357-4984-B695-3B28EC793E4D}.Debug|iPhoneSimulator.Deploy.0 = Debug|iPhoneSimulator
		{2F5ED95C-8357-4984-B695-3B28EC793E4D}.Release|Any CPU.ActiveCfg = Release|iPhone
		{2F5ED95C-8357-4984-B695-3B28EC793E4D}.Release|Any CPU.Build.0 = Release|iPhone
		{2F5ED95C-8357-4984-B695-3B28EC793E4D}.Release|Any CPU.Deploy.0 = Release|iPhone
		{2F5ED95C-8357-4984-B695-3B28EC793E4D}.Release|iPhone.ActiveCfg = Release|iPhone
		{2F5ED95C-8357-4984-B695-3B28EC793E4D}.Release|iPhone.Build.0 = Release|iPhone
		{2F5ED95C-8357-4984-B695-3B28EC793E4D}.Release|iPhone.Deploy.0 = Release|iPhone
		{2F5ED95C-8357-4984-B695-3B28EC793E4D}.Release|iPhoneSimulator.ActiveCfg = Release|iPhoneSimulator
		{2F5ED95C-8357-4984-B695-3B28EC793E4D}.Release|iPhoneSimulator.Build.0 = Release|iPhoneSimulator
		{2F5ED95C-8357-4984-B695-3B28EC793E4D}.Release|iPhoneSimulator.Deploy.0 = Release|iPhoneSimulator
		{DBC4D02D-89EE-4344-953F-1465F7A19ABF}.Ad-Hoc|Any CPU.ActiveCfg = Debug|Any CPU
		{DBC4D02D-89EE-4344-953F-1465F7A19ABF}.Ad-Hoc|Any CPU.Build.0 = Debug|Any CPU
		{DBC4D02D-89EE-4344-953F-1465F7A19ABF}.Ad-Hoc|Any CPU.Deploy.0 = Debug|Any CPU
		{DBC4D02D-89EE-4344-953F-1465F7A19ABF}.Ad-Hoc|iPhone.ActiveCfg = Debug|Any CPU
		{DBC4D02D-89EE-4344-953F-1465F7A19ABF}.Ad-Hoc|iPhone.Build.0 = Debug|Any CPU
		{DBC4D02D-89EE-4344-953F-1465F7A19ABF}.Ad-Hoc|iPhone.Deploy.0 = Debug|Any CPU
		{DBC4D02D-89EE-4344-953F-1465F7A19ABF}.Ad-Hoc|iPhoneSimulator.ActiveCfg = Debug|Any CPU
		{DBC4D02D-89EE-4344-953F-1465F7A19ABF}.Ad-Hoc|iPhoneSimulator.Build.0 = Debug|Any CPU
		{DBC4D02D-89EE-4344-953F-1465F7A19ABF}.Ad-Hoc|iPhoneSimulator.Deploy.0 = Debug|Any CPU
		{DBC4D02D-89EE-4344-953F-1465F7A19ABF}.AppStore|Any CPU.ActiveCfg = Debug|Any CPU
		{DBC4D02D-89EE-4344-953F-1465F7A19ABF}.AppStore|Any CPU.Build.0 = Debug|Any CPU
		{DBC4D02D-89EE-4344-953F-1465F7A19ABF}.AppStore|Any CPU.Deploy.0 = Debug|Any CPU
		{DBC4D02D-89EE-4344-953F-1465F7A19ABF}.AppStore|iPhone.ActiveCfg = Debug|Any CPU
		{DBC4D02D-89EE-4344-953F-1465F7A19ABF}.AppStore|iPhone.Build.0 = Debug|Any CPU
		{DBC4D02D-89EE-4344-953F-1465F7A19ABF}.AppStore|iPhone.Deploy.0 = Debug|Any CPU
		{DBC4D02D-89EE-4344-953F-1465F7A19ABF}.AppStore|iPhoneSimulator.ActiveCfg = Debug|Any CPU
		{DBC4D02D-89EE-4344-953F-1465F7A19ABF}.AppStore|iPhoneSimulator.Build.0 = Debug|Any CPU
		{DBC4D02D-89EE-4344-953F-1465F7A19ABF}.AppStore|iPhoneSimulator.Deploy.0 = Debug|Any CPU
		{DBC4D02D-89EE-4344-953F-1465F7A19ABF}.Debug|Any CPU.ActiveCfg = Debug|Any CPU
		{DBC4D02D-89EE-4344-953F-1465F7A19ABF}.Debug|Any CPU.Build.0 = Debug|Any CPU
		{DBC4D02D-89EE-4344-953F-1465F7A19ABF}.Debug|Any CPU.Deploy.0 = Debug|Any CPU
		{DBC4D02D-89EE-4344-953F-1465F7A19ABF}.Debug|iPhone.ActiveCfg = Debug|Any CPU
		{DBC4D02D-89EE-4344-953F-1465F7A19ABF}.Debug|iPhone.Build.0 = Debug|Any CPU
		{DBC4D02D-89EE-4344-953F-1465F7A19ABF}.Debug|iPhone.Deploy.0 = Debug|Any CPU
		{DBC4D02D-89EE-4344-953F-1465F7A19ABF}.Debug|iPhoneSimulator.ActiveCfg = Debug|Any CPU
		{DBC4D02D-89EE-4344-953F-1465F7A19ABF}.Debug|iPhoneSimulator.Build.0 = Debug|Any CPU
		{DBC4D02D-89EE-4344-953F-1465F7A19ABF}.Debug|iPhoneSimulator.Deploy.0 = Debug|Any CPU
		{DBC4D02D-89EE-4344-953F-1465F7A19ABF}.Release|Any CPU.ActiveCfg = Release|Any CPU
		{DBC4D02D-89EE-4344-953F-1465F7A19ABF}.Release|Any CPU.Build.0 = Release|Any CPU
		{DBC4D02D-89EE-4344-953F-1465F7A19ABF}.Release|Any CPU.Deploy.0 = Release|Any CPU
		{DBC4D02D-89EE-4344-953F-1465F7A19ABF}.Release|iPhone.ActiveCfg = Release|Any CPU
		{DBC4D02D-89EE-4344-953F-1465F7A19ABF}.Release|iPhone.Build.0 = Release|Any CPU
		{DBC4D02D-89EE-4344-953F-1465F7A19ABF}.Release|iPhone.Deploy.0 = Release|Any CPU
		{DBC4D02D-89EE-4344-953F-1465F7A19ABF}.Release|iPhoneSimulator.ActiveCfg = Release|Any CPU
		{DBC4D02D-89EE-4344-953F-1465F7A19ABF}.Release|iPhoneSimulator.Build.0 = Release|Any CPU
		{DBC4D02D-89EE-4344-953F-1465F7A19ABF}.Release|iPhoneSimulator.Deploy.0 = Release|Any CPU
	EndGlobalSection
	GlobalSection(SolutionProperties) = preSolution
		HideSolutionNode = FALSE
	EndGlobalSection
	GlobalSection(ExtensibilityGlobals) = postSolution
		SolutionGuid = {ED8D16AC-B8FE-4381-A7D9-7D341274FEF8}
	EndGlobalSection
EndGlobal
